
Microsoft Visual Studio Solution File, Format Version 12.00
# Visual Studio 14
VisualStudioVersion = 14.0.25420.1
MinimumVisualStudioVersion = 10.0.40219.1
Project("{2150E333-8FDC-42A3-9474-1A3956D46DE8}") = "ApiTester", "ApiTester", "{0AA1ABC7-0107-4EB1-86B0-14A2E0E8C379}"
EndProject
Project("{FAE04EC0-301F-11D3-BF4B-00C04F79EFBC}") = "Sefin.ApiTester", "ApiTester\Sefin.ApiTester\Sefin.ApiTester.csproj", "{C2284AB6-59E2-4947-A7C5-5D55B53459C6}"
EndProject
Project("{FAE04EC0-301F-11D3-BF4B-00C04F79EFBC}") = "Sefin.ApiTester.Commons", "ApiTester\Sefin.ApiTester.Commons\Sefin.ApiTester.Commons.csproj", "{19D3CC3D-B71F-4DC0-879E-CC073ACB9DCC}"
EndProject
Project("{FAE04EC0-301F-11D3-BF4B-00C04F79EFBC}") = "Sefin.CsProA.GenericsPlay", "Sefin.CsProA.GenericsPlay\Sefin.CsProA.GenericsPlay.csproj", "{32940940-0934-419E-A106-ED8D8A041536}"
EndProject
Project("{2150E333-8FDC-42A3-9474-1A3956D46DE8}") = "Libs", "Libs", "{A63AA590-8718-4EBB-9EFA-2456CA28F9F2}"
EndProject
Project("{FAE04EC0-301F-11D3-BF4B-00C04F79EFBC}") = "Sefin.CsPro.Commons", "Libs\Sefin.CsPro.Commons\Sefin.CsPro.Commons.csproj", "{DCC2B878-A346-41F8-A603-2D492B04CEF7}"
EndProject
Project("{2150E333-8FDC-42A3-9474-1A3956D46DE8}") = "Assets", "Assets", "{EE7AC5E6-1976-4CF7-A8EC-6AB4BE6521CB}"
	ProjectSection(SolutionItems) = preProject
		Assets\northwind.sql = Assets\northwind.sql
	EndProjectSection
EndProject
Project("{FAE04EC0-301F-11D3-BF4B-00C04F79EFBC}") = "Sefin.CsProA.LinqPlay", "Sefin.CsProA.LinqPlay\Sefin.CsProA.LinqPlay.csproj", "{1C112016-294B-43A9-9320-484B4152DC78}"
EndProject
Global
	GlobalSection(SolutionConfigurationPlatforms) = preSolution
		Debug|Any CPU = Debug|Any CPU
		Release|Any CPU = Release|Any CPU
	EndGlobalSection
	GlobalSection(ProjectConfigurationPlatforms) = postSolution
		{C2284AB6-59E2-4947-A7C5-5D55B53459C6}.Debug|Any CPU.ActiveCfg = Debug|Any CPU
		{C2284AB6-59E2-4947-A7C5-5D55B53459C6}.Debug|Any CPU.Build.0 = Debug|Any CPU
		{C2284AB6-59E2-4947-A7C5-5D55B53459C6}.Release|Any CPU.ActiveCfg = Release|Any CPU
		{C2284AB6-59E2-4947-A7C5-5D55B53459C6}.Release|Any CPU.Build.0 = Release|Any CPU
		{19D3CC3D-B71F-4DC0-879E-CC073ACB9DCC}.Debug|Any CPU.ActiveCfg = Debug|Any CPU
		{19D3CC3D-B71F-4DC0-879E-CC073ACB9DCC}.Debug|Any CPU.Build.0 = Debug|Any CPU
		{19D3CC3D-B71F-4DC0-879E-CC073ACB9DCC}.Release|Any CPU.ActiveCfg = Release|Any CPU
		{19D3CC3D-B71F-4DC0-879E-CC073ACB9DCC}.Release|Any CPU.Build.0 = Release|Any CPU
		{32940940-0934-419E-A106-ED8D8A041536}.Debug|Any CPU.ActiveCfg = Debug|Any CPU
		{32940940-0934-419E-A106-ED8D8A041536}.Debug|Any CPU.Build.0 = Debug|Any CPU
		{32940940-0934-419E-A106-ED8D8A041536}.Release|Any CPU.ActiveCfg = Release|Any CPU
		{32940940-0934-419E-A106-ED8D8A041536}.Release|Any CPU.Build.0 = Release|Any CPU
		{DCC2B878-A346-41F8-A603-2D492B04CEF7}.Debug|Any CPU.ActiveCfg = Debug|Any CPU
		{DCC2B878-A346-41F8-A603-2D492B04CEF7}.Debug|Any CPU.Build.0 = Debug|Any CPU
		{DCC2B878-A346-41F8-A603-2D492B04CEF7}.Release|Any CPU.ActiveCfg = Release|Any CPU
		{DCC2B878-A346-41F8-A603-2D492B04CEF7}.Release|Any CPU.Build.0 = Release|Any CPU
		{1C112016-294B-43A9-9320-484B4152DC78}.Debug|Any CPU.ActiveCfg = Debug|Any CPU
		{1C112016-294B-43A9-9320-484B4152DC78}.Debug|Any CPU.Build.0 = Debug|Any CPU
		{1C112016-294B-43A9-9320-484B4152DC78}.Release|Any CPU.ActiveCfg = Release|Any CPU
		{1C112016-294B-43A9-9320-484B4152DC78}.Release|Any CPU.Build.0 = Release|Any CPU
	EndGlobalSection
	GlobalSection(SolutionProperties) = preSolution
		HideSolutionNode = FALSE
	EndGlobalSection
	GlobalSection(NestedProjects) = preSolution
		{C2284AB6-59E2-4947-A7C5-5D55B53459C6} = {0AA1ABC7-0107-4EB1-86B0-14A2E0E8C379}
		{19D3CC3D-B71F-4DC0-879E-CC073ACB9DCC} = {0AA1ABC7-0107-4EB1-86B0-14A2E0E8C379}
		{DCC2B878-A346-41F8-A603-2D492B04CEF7} = {A63AA590-8718-4EBB-9EFA-2456CA28F9F2}
	EndGlobalSection
EndGlobal
